// !$*UTF8*$!
{
	archiveVersion = 1;
	classes = {
	};
	objectVersion = 50;
	objects = {

/* Begin PBXBuildFile section */
		A34E64EC26442EC40065BB91 /* AppDelegate.swift in Sources */ = {isa = PBXBuildFile; fileRef = A34E64EB26442EC40065BB91 /* AppDelegate.swift */; };
		A34E64EE26442EC40065BB91 /* SceneDelegate.swift in Sources */ = {isa = PBXBuildFile; fileRef = A34E64ED26442EC40065BB91 /* SceneDelegate.swift */; };
		A34E64F326442EC40065BB91 /* Main.storyboard in Resources */ = {isa = PBXBuildFile; fileRef = A34E64F126442EC40065BB91 /* Main.storyboard */; };
		A34E64F626442EC40065BB91 /* BrainStation_Test.xcdatamodeld in Sources */ = {isa = PBXBuildFile; fileRef = A34E64F426442EC40065BB91 /* BrainStation_Test.xcdatamodeld */; };
		A34E64F826442EC90065BB91 /* Assets.xcassets in Resources */ = {isa = PBXBuildFile; fileRef = A34E64F726442EC90065BB91 /* Assets.xcassets */; };
		A34E64FB26442EC90065BB91 /* LaunchScreen.storyboard in Resources */ = {isa = PBXBuildFile; fileRef = A34E64F926442EC90065BB91 /* LaunchScreen.storyboard */; };
		A34E650626442EC90065BB91 /* BrainStation_TestTests.swift in Sources */ = {isa = PBXBuildFile; fileRef = A34E650526442EC90065BB91 /* BrainStation_TestTests.swift */; };
		A34E651126442ECA0065BB91 /* BrainStation_TestUITests.swift in Sources */ = {isa = PBXBuildFile; fileRef = A34E651026442ECA0065BB91 /* BrainStation_TestUITests.swift */; };
		A34E65292644311A0065BB91 /* HomeViewController.swift in Sources */ = {isa = PBXBuildFile; fileRef = A34E65282644311A0065BB91 /* HomeViewController.swift */; };
		A34E652B2644313C0065BB91 /* Default-568h@2x.png in Resources */ = {isa = PBXBuildFile; fileRef = A34E652A2644313C0065BB91 /* Default-568h@2x.png */; };
		A34E652D264438E10065BB91 /* MovieListTableViewCell.swift in Sources */ = {isa = PBXBuildFile; fileRef = A34E652C264438E10065BB91 /* MovieListTableViewCell.swift */; };
/* End PBXBuildFile section */

/* Begin PBXContainerItemProxy section */
		A34E650226442EC90065BB91 /* PBXContainerItemProxy */ = {
			isa = PBXContainerItemProxy;
			containerPortal = A34E64E026442EC40065BB91 /* Project object */;
			proxyType = 1;
			remoteGlobalIDString = A34E64E726442EC40065BB91;
			remoteInfo = "BrainStation-Test";
		};
		A34E650D26442EC90065BB91 /* PBXContainerItemProxy */ = {
			isa = PBXContainerItemProxy;
			containerPortal = A34E64E026442EC40065BB91 /* Project object */;
			proxyType = 1;
			remoteGlobalIDString = A34E64E726442EC40065BB91;
			remoteInfo = "BrainStation-Test";
		};
/* End PBXContainerItemProxy section */

/* Begin PBXFileReference section */
		A34E64E826442EC40065BB91 /* MovieList.app */ = {isa = PBXFileReference; explicitFileType = wrapper.application; includeInIndex = 0; path = MovieList.app; sourceTree = BUILT_PRODUCTS_DIR; };
		A34E64EB26442EC40065BB91 /* AppDelegate.swift */ = {isa = PBXFileReference; lastKnownFileType = sourcecode.swift; path = AppDelegate.swift; sourceTree = "<group>"; };
		A34E64ED26442EC40065BB91 /* SceneDelegate.swift */ = {isa = PBXFileReference; lastKnownFileType = sourcecode.swift; path = SceneDelegate.swift; sourceTree = "<group>"; };
		A34E64F226442EC40065BB91 /* Base */ = {isa = PBXFileReference; lastKnownFileType = file.storyboard; name = Base; path = Base.lproj/Main.storyboard; sourceTree = "<group>"; };
		A34E64F526442EC40065BB91 /* BrainStation_Test.xcdatamodel */ = {isa = PBXFileReference; lastKnownFileType = wrapper.xcdatamodel; path = BrainStation_Test.xcdatamodel; sourceTree = "<group>"; };
		A34E64F726442EC90065BB91 /* Assets.xcassets */ = {isa = PBXFileReference; lastKnownFileType = folder.assetcatalog; path = Assets.xcassets; sourceTree = "<group>"; };
		A34E64FA26442EC90065BB91 /* Base */ = {isa = PBXFileReference; lastKnownFileType = file.storyboard; name = Base; path = Base.lproj/LaunchScreen.storyboard; sourceTree = "<group>"; };
		A34E64FC26442EC90065BB91 /* Info.plist */ = {isa = PBXFileReference; lastKnownFileType = text.plist.xml; path = Info.plist; sourceTree = "<group>"; };
		A34E650126442EC90065BB91 /* BrainStation-TestTests.xctest */ = {isa = PBXFileReference; explicitFileType = wrapper.cfbundle; includeInIndex = 0; path = "BrainStation-TestTests.xctest"; sourceTree = BUILT_PRODUCTS_DIR; };
		A34E650526442EC90065BB91 /* BrainStation_TestTests.swift */ = {isa = PBXFileReference; lastKnownFileType = sourcecode.swift; path = BrainStation_TestTests.swift; sourceTree = "<group>"; };
		A34E650726442EC90065BB91 /* Info.plist */ = {isa = PBXFileReference; lastKnownFileType = text.plist.xml; path = Info.plist; sourceTree = "<group>"; };
		A34E650C26442EC90065BB91 /* BrainStation-TestUITests.xctest */ = {isa = PBXFileReference; explicitFileType = wrapper.cfbundle; includeInIndex = 0; path = "BrainStation-TestUITests.xctest"; sourceTree = BUILT_PRODUCTS_DIR; };
		A34E651026442ECA0065BB91 /* BrainStation_TestUITests.swift */ = {isa = PBXFileReference; lastKnownFileType = sourcecode.swift; path = BrainStation_TestUITests.swift; sourceTree = "<group>"; };
		A34E651226442ECA0065BB91 /* Info.plist */ = {isa = PBXFileReference; lastKnownFileType = text.plist.xml; path = Info.plist; sourceTree = "<group>"; };
		A34E65282644311A0065BB91 /* HomeViewController.swift */ = {isa = PBXFileReference; lastKnownFileType = sourcecode.swift; path = HomeViewController.swift; sourceTree = "<group>"; };
		A34E652A2644313C0065BB91 /* Default-568h@2x.png */ = {isa = PBXFileReference; lastKnownFileType = image.png; path = "Default-568h@2x.png"; sourceTree = "<group>"; };
		A34E652C264438E10065BB91 /* MovieListTableViewCell.swift */ = {isa = PBXFileReference; lastKnownFileType = sourcecode.swift; path = MovieListTableViewCell.swift; sourceTree = "<group>"; };
/* End PBXFileReference section */

/* Begin PBXFrameworksBuildPhase section */
		A34E64E526442EC40065BB91 /* Frameworks */ = {
			isa = PBXFrameworksBuildPhase;
			buildActionMask = 2147483647;
			files = (
			);
			runOnlyForDeploymentPostprocessing = 0;
		};
		A34E64FE26442EC90065BB91 /* Frameworks */ = {
			isa = PBXFrameworksBuildPhase;
			buildActionMask = 2147483647;
			files = (
			);
			runOnlyForDeploymentPostprocessing = 0;
		};
		A34E650926442EC90065BB91 /* Frameworks */ = {
			isa = PBXFrameworksBuildPhase;
			buildActionMask = 2147483647;
			files = (
			);
			runOnlyForDeploymentPostprocessing = 0;
		};
/* End PBXFrameworksBuildPhase section */

/* Begin PBXGroup section */
		A34E64DF26442EC40065BB91 = {
			isa = PBXGroup;
			children = (
				A34E652A2644313C0065BB91 /* Default-568h@2x.png */,
				A34E64EA26442EC40065BB91 /* BrainStation-Test */,
				A34E650426442EC90065BB91 /* BrainStation-TestTests */,
				A34E650F26442ECA0065BB91 /* BrainStation-TestUITests */,
				A34E64E926442EC40065BB91 /* Products */,
			);
			sourceTree = "<group>";
		};
		A34E64E926442EC40065BB91 /* Products */ = {
			isa = PBXGroup;
			children = (
				A34E64E826442EC40065BB91 /* MovieList.app */,
				A34E650126442EC90065BB91 /* BrainStation-TestTests.xctest */,
				A34E650C26442EC90065BB91 /* BrainStation-TestUITests.xctest */,
			);
			name = Products;
			sourceTree = "<group>";
		};
		A34E64EA26442EC40065BB91 /* BrainStation-Test */ = {
			isa = PBXGroup;
			children = (
				A34E64EB26442EC40065BB91 /* AppDelegate.swift */,
				A34E64ED26442EC40065BB91 /* SceneDelegate.swift */,
				A34E651E26442F5D0065BB91 /* Services */,
				A34E651F26442F6C0065BB91 /* Helpers */,
				A34E652226442F860065BB91 /* Models */,
				A34E652126442F7D0065BB91 /* Views */,
				A34E652026442F740065BB91 /* Controllers */,
				A34E652426442FBB0065BB91 /* Resources */,
				A34E652326442F8F0065BB91 /* Supporting Files */,
				A34E64F726442EC90065BB91 /* Assets.xcassets */,
				A34E64F426442EC40065BB91 /* BrainStation_Test.xcdatamodeld */,
			);
			path = "BrainStation-Test";
			sourceTree = "<group>";
		};
		A34E650426442EC90065BB91 /* BrainStation-TestTests */ = {
			isa = PBXGroup;
			children = (
				A34E650526442EC90065BB91 /* BrainStation_TestTests.swift */,
				A34E650726442EC90065BB91 /* Info.plist */,
			);
			path = "BrainStation-TestTests";
			sourceTree = "<group>";
		};
		A34E650F26442ECA0065BB91 /* BrainStation-TestUITests */ = {
			isa = PBXGroup;
			children = (
				A34E651026442ECA0065BB91 /* BrainStation_TestUITests.swift */,
				A34E651226442ECA0065BB91 /* Info.plist */,
			);
			path = "BrainStation-TestUITests";
			sourceTree = "<group>";
		};
		A34E651E26442F5D0065BB91 /* Services */ = {
			isa = PBXGroup;
			children = (
			);
			path = Services;
			sourceTree = "<group>";
		};
		A34E651F26442F6C0065BB91 /* Helpers */ = {
			isa = PBXGroup;
			children = (
			);
			path = Helpers;
			sourceTree = "<group>";
		};
		A34E652026442F740065BB91 /* Controllers */ = {
			isa = PBXGroup;
			children = (
				A34E65282644311A0065BB91 /* HomeViewController.swift */,
			);
			path = Controllers;
			sourceTree = "<group>";
		};
		A34E652126442F7D0065BB91 /* Views */ = {
			isa = PBXGroup;
			children = (
				A34E652626442FDF0065BB91 /* TableViewCells */,
				A34E652526442FD50065BB91 /* Storyboards */,
			);
			path = Views;
			sourceTree = "<group>";
		};
		A34E652226442F860065BB91 /* Models */ = {
			isa = PBXGroup;
			children = (
			);
			path = Models;
			sourceTree = "<group>";
		};
		A34E652326442F8F0065BB91 /* Supporting Files */ = {
			isa = PBXGroup;
			children = (
				A34E64FC26442EC90065BB91 /* Info.plist */,
			);
			path = "Supporting Files";
			sourceTree = "<group>";
		};
		A34E652426442FBB0065BB91 /* Resources */ = {
			isa = PBXGroup;
			children = (
			);
			path = Resources;
			sourceTree = "<group>";
		};
		A34E652526442FD50065BB91 /* Storyboards */ = {
			isa = PBXGroup;
			children = (
				A34E64F926442EC90065BB91 /* LaunchScreen.storyboard */,
				A34E64F126442EC40065BB91 /* Main.storyboard */,
			);
			path = Storyboards;
			sourceTree = "<group>";
		};
		A34E652626442FDF0065BB91 /* TableViewCells */ = {
			isa = PBXGroup;
			children = (
				A34E652C264438E10065BB91 /* MovieListTableViewCell.swift */,
			);
			path = TableViewCells;
			sourceTree = "<group>";
		};
/* End PBXGroup section */

/* Begin PBXNativeTarget section */
		A34E64E726442EC40065BB91 /* BrainStation-Test */ = {
			isa = PBXNativeTarget;
			buildConfigurationList = A34E651526442ECA0065BB91 /* Build configuration list for PBXNativeTarget "BrainStation-Test" */;
			buildPhases = (
				A34E64E426442EC40065BB91 /* Sources */,
				A34E64E526442EC40065BB91 /* Frameworks */,
				A34E64E626442EC40065BB91 /* Resources */,
			);
			buildRules = (
			);
			dependencies = (
			);
			name = "BrainStation-Test";
			productName = "BrainStation-Test";
			productReference = A34E64E826442EC40065BB91 /* MovieList.app */;
			productType = "com.apple.product-type.application";
		};
		A34E650026442EC90065BB91 /* BrainStation-TestTests */ = {
			isa = PBXNativeTarget;
			buildConfigurationList = A34E651826442ECA0065BB91 /* Build configuration list for PBXNativeTarget "BrainStation-TestTests" */;
			buildPhases = (
				A34E64FD26442EC90065BB91 /* Sources */,
				A34E64FE26442EC90065BB91 /* Frameworks */,
				A34E64FF26442EC90065BB91 /* Resources */,
			);
			buildRules = (
			);
			dependencies = (
				A34E650326442EC90065BB91 /* PBXTargetDependency */,
			);
			name = "BrainStation-TestTests";
			productName = "BrainStation-TestTests";
			productReference = A34E650126442EC90065BB91 /* BrainStation-TestTests.xctest */;
			productType = "com.apple.product-type.bundle.unit-test";
		};
		A34E650B26442EC90065BB91 /* BrainStation-TestUITests */ = {
			isa = PBXNativeTarget;
			buildConfigurationList = A34E651B26442ECA0065BB91 /* Build configuration list for PBXNativeTarget "BrainStation-TestUITests" */;
			buildPhases = (
				A34E650826442EC90065BB91 /* Sources */,
				A34E650926442EC90065BB91 /* Frameworks */,
				A34E650A26442EC90065BB91 /* Resources */,
			);
			buildRules = (
			);
			dependencies = (
				A34E650E26442EC90065BB91 /* PBXTargetDependency */,
			);
			name = "BrainStation-TestUITests";
			productName = "BrainStation-TestUITests";
			productReference = A34E650C26442EC90065BB91 /* BrainStation-TestUITests.xctest */;
			productType = "com.apple.product-type.bundle.ui-testing";
		};
/* End PBXNativeTarget section */

/* Begin PBXProject section */
		A34E64E026442EC40065BB91 /* Project object */ = {
			isa = PBXProject;
			attributes = {
				LastSwiftUpdateCheck = 1150;
				LastUpgradeCheck = 1150;
				ORGANIZATIONNAME = "Code_X Systems";
				TargetAttributes = {
					A34E64E726442EC40065BB91 = {
						CreatedOnToolsVersion = 11.5;
					};
					A34E650026442EC90065BB91 = {
						CreatedOnToolsVersion = 11.5;
						TestTargetID = A34E64E726442EC40065BB91;
					};
					A34E650B26442EC90065BB91 = {
						CreatedOnToolsVersion = 11.5;
						TestTargetID = A34E64E726442EC40065BB91;
					};
				};
			};
			buildConfigurationList = A34E64E326442EC40065BB91 /* Build configuration list for PBXProject "BrainStation-Test" */;
			compatibilityVersion = "Xcode 9.3";
			developmentRegion = en;
			hasScannedForEncodings = 0;
			knownRegions = (
				en,
				Base,
			);
			mainGroup = A34E64DF26442EC40065BB91;
			productRefGroup = A34E64E926442EC40065BB91 /* Products */;
			projectDirPath = "";
			projectRoot = "";
			targets = (
				A34E64E726442EC40065BB91 /* BrainStation-Test */,
				A34E650026442EC90065BB91 /* BrainStation-TestTests */,
				A34E650B26442EC90065BB91 /* BrainStation-TestUITests */,
			);
		};
/* End PBXProject section */

/* Begin PBXResourcesBuildPhase section */
		A34E64E626442EC40065BB91 /* Resources */ = {
			isa = PBXResourcesBuildPhase;
			buildActionMask = 2147483647;
			files = (
				A34E64FB26442EC90065BB91 /* LaunchScreen.storyboard in Resources */,
				A34E652B2644313C0065BB91 /* Default-568h@2x.png in Resources */,
				A34E64F826442EC90065BB91 /* Assets.xcassets in Resources */,
				A34E64F326442EC40065BB91 /* Main.storyboard in Resources */,
			);
			runOnlyForDeploymentPostprocessing = 0;
		};
		A34E64FF26442EC90065BB91 /* Resources */ = {
			isa = PBXResourcesBuildPhase;
			buildActionMask = 2147483647;
			files = (
			);
			runOnlyForDeploymentPostprocessing = 0;
		};
		A34E650A26442EC90065BB91 /* Resources */ = {
			isa = PBXResourcesBuildPhase;
			buildActionMask = 2147483647;
			files = (
			);
			runOnlyForDeploymentPostprocessing = 0;
		};
/* End PBXResourcesBuildPhase section */

/* Begin PBXSourcesBuildPhase section */
		A34E64E426442EC40065BB91 /* Sources */ = {
			isa = PBXSourcesBuildPhase;
			buildActionMask = 2147483647;
			files = (
				A34E64EC26442EC40065BB91 /* AppDelegate.swift in Sources */,
				A34E64EE26442EC40065BB91 /* SceneDelegate.swift in Sources */,
				A34E64F626442EC40065BB91 /* BrainStation_Test.xcdatamodeld in Sources */,
				A34E652D264438E10065BB91 /* MovieListTableViewCell.swift in Sources */,
				A34E65292644311A0065BB91 /* HomeViewController.swift in Sources */,
			);
			runOnlyForDeploymentPostprocessing = 0;
		};
		A34E64FD26442EC90065BB91 /* Sources */ = {
			isa = PBXSourcesBuildPhase;
			buildActionMask = 2147483647;
			files = (
				A34E650626442EC90065BB91 /* BrainStation_TestTests.swift in Sources */,
			);
			runOnlyForDeploymentPostprocessing = 0;
		};
		A34E650826442EC90065BB91 /* Sources */ = {
			isa = PBXSourcesBuildPhase;
			buildActionMask = 2147483647;
			files = (
				A34E651126442ECA0065BB91 /* BrainStation_TestUITests.swift in Sources */,
			);
			runOnlyForDeploymentPostprocessing = 0;
		};
/* End PBXSourcesBuildPhase section */

/* Begin PBXTargetDependency section */
		A34E650326442EC90065BB91 /* PBXTargetDependency */ = {
			isa = PBXTargetDependency;
			target = A34E64E726442EC40065BB91 /* BrainStation-Test */;
			targetProxy = A34E650226442EC90065BB91 /* PBXContainerItemProxy */;
		};
		A34E650E26442EC90065BB91 /* PBXTargetDependency */ = {
			isa = PBXTargetDependency;
			target = A34E64E726442EC40065BB91 /* BrainStation-Test */;
			targetProxy = A34E650D26442EC90065BB91 /* PBXContainerItemProxy */;
		};
/* End PBXTargetDependency section */

/* Begin PBXVariantGroup section */
		A34E64F126442EC40065BB91 /* Main.storyboard */ = {
			isa = PBXVariantGroup;
			children = (
				A34E64F226442EC40065BB91 /* Base */,
			);
			name = Main.storyboard;
			sourceTree = "<group>";
		};
		A34E64F926442EC90065BB91 /* LaunchScreen.storyboard */ = {
			isa = PBXVariantGroup;
			children = (
				A34E64FA26442EC90065BB91 /* Base */,
			);
			name = LaunchScreen.storyboard;
			sourceTree = "<group>";
		};
/* End PBXVariantGroup section */

/* Begin XCBuildConfiguration section */
		A34E651326442ECA0065BB91 /* Debug */ = {
			isa = XCBuildConfiguration;
			buildSettings = {
				ALWAYS_SEARCH_USER_PATHS = NO;
				CLANG_ANALYZER_NONNULL = YES;
				CLANG_ANALYZER_NUMBER_OBJECT_CONVERSION = YES_AGGRESSIVE;
				CLANG_CXX_LANGUAGE_STANDARD = "gnu++14";
				CLANG_CXX_LIBRARY = "libc++";
				CLANG_ENABLE_MODULES = YES;
				CLANG_ENABLE_OBJC_ARC = YES;
				CLANG_ENABLE_OBJC_WEAK = YES;
				CLANG_WARN_BLOCK_CAPTURE_AUTORELEASING = YES;
				CLANG_WARN_BOOL_CONVERSION = YES;
				CLANG_WARN_COMMA = YES;
				CLANG_WARN_CONSTANT_CONVERSION = YES;
				CLANG_WARN_DEPRECATED_OBJC_IMPLEMENTATIONS = YES;
				CLANG_WARN_DIRECT_OBJC_ISA_USAGE = YES_ERROR;
				CLANG_WARN_DOCUMENTATION_COMMENTS = YES;
				CLANG_WARN_EMPTY_BODY = YES;
				CLANG_WARN_ENUM_CONVERSION = YES;
				CLANG_WARN_INFINITE_RECURSION = YES;
				CLANG_WARN_INT_CONVERSION = YES;
				CLANG_WARN_NON_LITERAL_NULL_CONVERSION = YES;
				CLANG_WARN_OBJC_IMPLICIT_RETAIN_SELF = YES;
				CLANG_WARN_OBJC_LITERAL_CONVERSION = YES;
				CLANG_WARN_OBJC_ROOT_CLASS = YES_ERROR;
				CLANG_WARN_RANGE_LOOP_ANALYSIS = YES;
				CLANG_WARN_STRICT_PROTOTYPES = YES;
				CLANG_WARN_SUSPICIOUS_MOVE = YES;
				CLANG_WARN_UNGUARDED_AVAILABILITY = YES_AGGRESSIVE;
				CLANG_WARN_UNREACHABLE_CODE = YES;
				CLANG_WARN__DUPLICATE_METHOD_MATCH = YES;
				COPY_PHASE_STRIP = NO;
				DEBUG_INFORMATION_FORMAT = dwarf;
				ENABLE_STRICT_OBJC_MSGSEND = YES;
				ENABLE_TESTABILITY = YES;
				GCC_C_LANGUAGE_STANDARD = gnu11;
				GCC_DYNAMIC_NO_PIC = NO;
				GCC_NO_COMMON_BLOCKS = YES;
				GCC_OPTIMIZATION_LEVEL = 0;
				GCC_PREPROCESSOR_DEFINITIONS = (
					"DEBUG=1",
					"$(inherited)",
				);
				GCC_WARN_64_TO_32_BIT_CONVERSION = YES;
				GCC_WARN_ABOUT_RETURN_TYPE = YES_ERROR;
				GCC_WARN_UNDECLARED_SELECTOR = YES;
				GCC_WARN_UNINITIALIZED_AUTOS = YES_AGGRESSIVE;
				GCC_WARN_UNUSED_FUNCTION = YES;
				GCC_WARN_UNUSED_VARIABLE = YES;
				IPHONEOS_DEPLOYMENT_TARGET = 13.5;
				MTL_ENABLE_DEBUG_INFO = INCLUDE_SOURCE;
				MTL_FAST_MATH = YES;
				ONLY_ACTIVE_ARCH = YES;
				SDKROOT = iphoneos;
				SWIFT_ACTIVE_COMPILATION_CONDITIONS = DEBUG;
				SWIFT_OPTIMIZATION_LEVEL = "-Onone";
			};
			name = Debug;
		};
		A34E651426442ECA0065BB91 /* Release */ = {
			isa = XCBuildConfiguration;
			buildSettings = {
				ALWAYS_SEARCH_USER_PATHS = NO;
				CLANG_ANALYZER_NONNULL = YES;
				CLANG_ANALYZER_NUMBER_OBJECT_CONVERSION = YES_AGGRESSIVE;
				CLANG_CXX_LANGUAGE_STANDARD = "gnu++14";
				CLANG_CXX_LIBRARY = "libc++";
				CLANG_ENABLE_MODULES = YES;
				CLANG_ENABLE_OBJC_ARC = YES;
				CLANG_ENABLE_OBJC_WEAK = YES;
				CLANG_WARN_BLOCK_CAPTURE_AUTORELEASING = YES;
				CLANG_WARN_BOOL_CONVERSION = YES;
				CLANG_WARN_COMMA = YES;
				CLANG_WARN_CONSTANT_CONVERSION = YES;
				CLANG_WARN_DEPRECATED_OBJC_IMPLEMENTATIONS = YES;
				CLANG_WARN_DIRECT_OBJC_ISA_USAGE = YES_ERROR;
				CLANG_WARN_DOCUMENTATION_COMMENTS = YES;
				CLANG_WARN_EMPTY_BODY = YES;
				CLANG_WARN_ENUM_CONVERSION = YES;
				CLANG_WARN_INFINITE_RECURSION = YES;
				CLANG_WARN_INT_CONVERSION = YES;
				CLANG_WARN_NON_LITERAL_NULL_CONVERSION = YES;
				CLANG_WARN_OBJC_IMPLICIT_RETAIN_SELF = YES;
				CLANG_WARN_OBJC_LITERAL_CONVERSION = YES;
				CLANG_WARN_OBJC_ROOT_CLASS = YES_ERROR;
				CLANG_WARN_RANGE_LOOP_ANALYSIS = YES;
				CLANG_WARN_STRICT_PROTOTYPES = YES;
				CLANG_WARN_SUSPICIOUS_MOVE = YES;
				CLANG_WARN_UNGUARDED_AVAILABILITY = YES_AGGRESSIVE;
				CLANG_WARN_UNREACHABLE_CODE = YES;
				CLANG_WARN__DUPLICATE_METHOD_MATCH = YES;
				COPY_PHASE_STRIP = NO;
				DEBUG_INFORMATION_FORMAT = "dwarf-with-dsym";
				ENABLE_NS_ASSERTIONS = NO;
				ENABLE_STRICT_OBJC_MSGSEND = YES;
				GCC_C_LANGUAGE_STANDARD = gnu11;
				GCC_NO_COMMON_BLOCKS = YES;
				GCC_WARN_64_TO_32_BIT_CONVERSION = YES;
				GCC_WARN_ABOUT_RETURN_TYPE = YES_ERROR;
				GCC_WARN_UNDECLARED_SELECTOR = YES;
				GCC_WARN_UNINITIALIZED_AUTOS = YES_AGGRESSIVE;
				GCC_WARN_UNUSED_FUNCTION = YES;
				GCC_WARN_UNUSED_VARIABLE = YES;
				IPHONEOS_DEPLOYMENT_TARGET = 13.5;
				MTL_ENABLE_DEBUG_INFO = NO;
				MTL_FAST_MATH = YES;
				SDKROOT = iphoneos;
				SWIFT_COMPILATION_MODE = wholemodule;
				SWIFT_OPTIMIZATION_LEVEL = "-O";
				VALIDATE_PRODUCT = YES;
			};
			name = Release;
		};
		A34E651626442ECA0065BB91 /* Debug */ = {
			isa = XCBuildConfiguration;
			buildSettings = {
				ASSETCATALOG_COMPILER_APPICON_NAME = AppIcon;
				CODE_SIGN_STYLE = Automatic;
				DEVELOPMENT_TEAM = 6TPN72W48U;
				INFOPLIST_FILE = "BrainStation-Test/Supporting Files/Info.plist";
				IPHONEOS_DEPLOYMENT_TARGET = 13.0;
				LD_RUNPATH_SEARCH_PATHS = (
					"$(inherited)",
					"@executable_path/Frameworks",
				);
				PRODUCT_BUNDLE_IDENTIFIER = "com.codex.BrainStation-Test";
				PRODUCT_NAME = MovieList;
				SWIFT_VERSION = 5.0;
				TARGETED_DEVICE_FAMILY = "1,2";
			};
			name = Debug;
		};
		A34E651726442ECA0065BB91 /* Release */ = {
			isa = XCBuildConfiguration;
			buildSettings = {
				ASSETCATALOG_COMPILER_APPICON_NAME = AppIcon;
				CODE_SIGN_STYLE = Automatic;
				DEVELOPMENT_TEAM = 6TPN72W48U;
				INFOPLIST_FILE = "BrainStation-Test/Supporting Files/Info.plist";
				IPHONEOS_DEPLOYMENT_TARGET = 13.0;
				LD_RUNPATH_SEARCH_PATHS = (
					"$(inherited)",
					"@executable_path/Frameworks",
				);
				PRODUCT_BUNDLE_IDENTIFIER = "com.codex.BrainStation-Test";
				PRODUCT_NAME = MovieList;
				SWIFT_VERSION = 5.0;
				TARGETED_DEVICE_FAMILY = "1,2";
			};
			name = Release;
		};
		A34E651926442ECA0065BB91 /* Debug */ = {
			isa = XCBuildConfiguration;
			buildSettings = {
				ALWAYS_EMBED_SWIFT_STANDARD_LIBRARIES = YES;
				BUNDLE_LOADER = "$(TEST_HOST)";
				CODE_SIGN_STYLE = Automatic;
				DEVELOPMENT_TEAM = 6TPN72W48U;
				INFOPLIST_FILE = "BrainStation-TestTests/Info.plist";
				IPHONEOS_DEPLOYMENT_TARGET = 13.5;
				LD_RUNPATH_SEARCH_PATHS = (
					"$(inherited)",
					"@executable_path/Frameworks",
					"@loader_path/Frameworks",
				);
				PRODUCT_BUNDLE_IDENTIFIER = "com.codex.BrainStation-TestTests";
				PRODUCT_NAME = "$(TARGET_NAME)";
				SWIFT_VERSION = 5.0;
				TARGETED_DEVICE_FAMILY = "1,2";
				TEST_HOST = "$(BUILT_PRODUCTS_DIR)/BrainStation-Test.app/BrainStation-Test";
			};
			name = Debug;
		};
		A34E651A26442ECA0065BB91 /* Release */ = {
			isa = XCBuildConfiguration;
			buildSettings = {
				ALWAYS_EMBED_SWIFT_STANDARD_LIBRARIES = YES;
				BUNDLE_LOADER = "$(TEST_HOST)";
				CODE_SIGN_STYLE = Automatic;
				DEVELOPMENT_TEAM = 6TPN72W48U;
				INFOPLIST_FILE = "BrainStation-TestTests/Info.plist";
				IPHONEOS_DEPLOYMENT_TARGET = 13.5;
				LD_RUNPATH_SEARCH_PATHS = (
					"$(inherited)",
					"@executable_path/Frameworks",
					"@loader_path/Frameworks",
				);
				PRODUCT_BUNDLE_IDENTIFIER = "com.codex.BrainStation-TestTests";
				PRODUCT_NAME = "$(TARGET_NAME)";
				SWIFT_VERSION = 5.0;
				TARGETED_DEVICE_FAMILY = "1,2";
				TEST_HOST = "$(BUILT_PRODUCTS_DIR)/BrainStation-Test.app/BrainStation-Test";
			};
			name = Release;
		};
		A34E651C26442ECA0065BB91 /* Debug */ = {
			isa = XCBuildConfiguration;
			buildSettings = {
				ALWAYS_EMBED_SWIFT_STANDARD_LIBRARIES = YES;
				CODE_SIGN_STYLE = Automatic;
				DEVELOPMENT_TEAM = 6TPN72W48U;
				INFOPLIST_FILE = "BrainStation-TestUITests/Info.plist";
				LD_RUNPATH_SEARCH_PATHS = (
					"$(inherited)",
					"@executable_path/Frameworks",
					"@loader_path/Frameworks",
				);
				PRODUCT_BUNDLE_IDENTIFIER = "com.codex.BrainStation-TestUITests";
				PRODUCT_NAME = "$(TARGET_NAME)";
				SWIFT_VERSION = 5.0;
				TARGETED_DEVICE_FAMILY = "1,2";
				TEST_TARGET_NAME = "BrainStation-Test";
			};
			name = Debug;
		};
		A34E651D26442ECA0065BB91 /* Release */ = {
			isa = XCBuildConfiguration;
			buildSettings = {
				ALWAYS_EMBED_SWIFT_STANDARD_LIBRARIES = YES;
				CODE_SIGN_STYLE = Automatic;
				DEVELOPMENT_TEAM = 6TPN72W48U;
				INFOPLIST_FILE = "BrainStation-TestUITests/Info.plist";
				LD_RUNPATH_SEARCH_PATHS = (
					"$(inherited)",
					"@executable_path/Frameworks",
					"@loader_path/Frameworks",
				);
				PRODUCT_BUNDLE_IDENTIFIER = "com.codex.BrainStation-TestUITests";
				PRODUCT_NAME = "$(TARGET_NAME)";
				SWIFT_VERSION = 5.0;
				TARGETED_DEVICE_FAMILY = "1,2";
				TEST_TARGET_NAME = "BrainStation-Test";
			};
			name = Release;
		};
/* End XCBuildConfiguration section */

/* Begin XCConfigurationList section */
		A34E64E326442EC40065BB91 /* Build configuration list for PBXProject "BrainStation-Test" */ = {
			isa = XCConfigurationList;
			buildConfigurations = (
				A34E651326442ECA0065BB91 /* Debug */,
				A34E651426442ECA0065BB91 /* Release */,
			);
			defaultConfigurationIsVisible = 0;
			defaultConfigurationName = Release;
		};
		A34E651526442ECA0065BB91 /* Build configuration list for PBXNativeTarget "BrainStation-Test" */ = {
			isa = XCConfigurationList;
			buildConfigurations = (
				A34E651626442ECA0065BB91 /* Debug */,
				A34E651726442ECA0065BB91 /* Release */,
			);
			defaultConfigurationIsVisible = 0;
			defaultConfigurationName = Release;
		};
		A34E651826442ECA0065BB91 /* Build configuration list for PBXNativeTarget "BrainStation-TestTests" */ = {
			isa = XCConfigurationList;
			buildConfigurations = (
				A34E651926442ECA0065BB91 /* Debug */,
				A34E651A26442ECA0065BB91 /* Release */,
			);
			defaultConfigurationIsVisible = 0;
			defaultConfigurationName = Release;
		};
		A34E651B26442ECA0065BB91 /* Build configuration list for PBXNativeTarget "BrainStation-TestUITests" */ = {
			isa = XCConfigurationList;
			buildConfigurations = (
				A34E651C26442ECA0065BB91 /* Debug */,
				A34E651D26442ECA0065BB91 /* Release */,
			);
			defaultConfigurationIsVisible = 0;
			defaultConfigurationName = Release;
		};
/* End XCConfigurationList section */

/* Begin XCVersionGroup section */
		A34E64F426442EC40065BB91 /* BrainStation_Test.xcdatamodeld */ = {
			isa = XCVersionGroup;
			children = (
				A34E64F526442EC40065BB91 /* BrainStation_Test.xcdatamodel */,
			);
			currentVersion = A34E64F526442EC40065BB91 /* BrainStation_Test.xcdatamodel */;
			path = BrainStation_Test.xcdatamodeld;
			sourceTree = "<group>";
			versionGroupType = wrapper.xcdatamodel;
		};
/* End XCVersionGroup section */
	};
	rootObject = A34E64E026442EC40065BB91 /* Project object */;
}
